
Microsoft Visual Studio Solution File, Format Version 11.00
# Visual Studio 2010
Project("{FAE04EC0-301F-11D3-BF4B-00C04F79EFBC}") = "14ROVI's Weapon Pack", "14ROVI's Weapon Pack.csproj", "{0e4fc29c-aabb-8518-a9ca-8d168339f261}"
EndProject
Global
	GlobalSection(SolutionConfigurationPlatforms) = preSolution
		Debug|Any CPU = Debug|Any CPU
	EndGlobalSection
	GlobalSection(ProjectConfigurationPlatforms) = postSolution
		{0e4fc29c-aabb-8518-a9ca-8d168339f261}.Debug|Any CPU.ActiveCfg = Debug|Any CPU
		{0e4fc29c-aabb-8518-a9ca-8d168339f261}.Debug|Any CPU.Build.0 = Debug|Any CPU
	EndGlobalSection
	GlobalSection(SolutionProperties) = preSolution
		HideSolutionNode = FALSE
	EndGlobalSection
EndGlobal
